
Microsoft Visual Studio Solution File, Format Version 12.00
# Visual Studio 15
VisualStudioVersion = 15.0.28307.572
MinimumVisualStudioVersion = 10.0.40219.1
Project("{00D1A9C2-B5F0-4AF3-8072-F6C62B433612}") = "Semaphores", "Semaphores.sqlproj", "{59024476-209E-4C5C-AD8E-2DC9A8AEE069}"
EndProject
Global
	GlobalSection(SolutionConfigurationPlatforms) = preSolution
		Debug|Any CPU = Debug|Any CPU
		Release|Any CPU = Release|Any CPU
	EndGlobalSection
	GlobalSection(ProjectConfigurationPlatforms) = postSolution
		{59024476-209E-4C5C-AD8E-2DC9A8AEE069}.Debug|Any CPU.ActiveCfg = Debug|Any CPU
		{59024476-209E-4C5C-AD8E-2DC9A8AEE069}.Debug|Any CPU.Build.0 = Debug|Any CPU
		{59024476-209E-4C5C-AD8E-2DC9A8AEE069}.Debug|Any CPU.Deploy.0 = Debug|Any CPU
		{59024476-209E-4C5C-AD8E-2DC9A8AEE069}.Release|Any CPU.ActiveCfg = Release|Any CPU
		{59024476-209E-4C5C-AD8E-2DC9A8AEE069}.Release|Any CPU.Build.0 = Release|Any CPU
		{59024476-209E-4C5C-AD8E-2DC9A8AEE069}.Release|Any CPU.Deploy.0 = Release|Any CPU
	EndGlobalSection
	GlobalSection(SolutionProperties) = preSolution
		HideSolutionNode = FALSE
	EndGlobalSection
	GlobalSection(ExtensibilityGlobals) = postSolution
		SolutionGuid = {3F0440B0-B036-4142-9724-428353B104B0}
	EndGlobalSection
EndGlobal
